// !$*UTF8*$!
{
	archiveVersion = 1;
	classes = {
	};
	objectVersion = 51;
	objects = {

/* Begin PBXBuildFile section */
		3396C99E58A04B324AEA905C /* Pods_GitRepoSearchTests.framework in Frameworks */ = {isa = PBXBuildFile; fileRef = DD054F1EF725D4AD1FE77613 /* Pods_GitRepoSearchTests.framework */; };
		3C6B0EBE26772647003FB370 /* GlobalService.swift in Sources */ = {isa = PBXBuildFile; fileRef = 3C6B0EBD26772647003FB370 /* GlobalService.swift */; };
		3C6B0EC8267729B5003FB370 /* AdminViewController.swift in Sources */ = {isa = PBXBuildFile; fileRef = 3C6B0EC7267729B5003FB370 /* AdminViewController.swift */; };
		3C6B0ED026772AD8003FB370 /* AdminViewModel.swift in Sources */ = {isa = PBXBuildFile; fileRef = 3C6B0ECF26772AD8003FB370 /* AdminViewModel.swift */; };
		3C6B0ED82677B50F003FB370 /* SearchResultsDetailViewController.swift in Sources */ = {isa = PBXBuildFile; fileRef = 3C6B0ED72677B50F003FB370 /* SearchResultsDetailViewController.swift */; };
		3C6CB1642673D73A00452686 /* AppDelegate.swift in Sources */ = {isa = PBXBuildFile; fileRef = 3C6CB1632673D73A00452686 /* AppDelegate.swift */; };
		3C6CB1662673D73A00452686 /* SceneDelegate.swift in Sources */ = {isa = PBXBuildFile; fileRef = 3C6CB1652673D73A00452686 /* SceneDelegate.swift */; };
		3C6CB1682673D73A00452686 /* ViewController.swift in Sources */ = {isa = PBXBuildFile; fileRef = 3C6CB1672673D73A00452686 /* ViewController.swift */; };
		3C6CB16B2673D73A00452686 /* Main.storyboard in Resources */ = {isa = PBXBuildFile; fileRef = 3C6CB1692673D73A00452686 /* Main.storyboard */; };
		3C6CB16D2673D73F00452686 /* Assets.xcassets in Resources */ = {isa = PBXBuildFile; fileRef = 3C6CB16C2673D73F00452686 /* Assets.xcassets */; };
		3C6CB1702673D73F00452686 /* LaunchScreen.storyboard in Resources */ = {isa = PBXBuildFile; fileRef = 3C6CB16E2673D73F00452686 /* LaunchScreen.storyboard */; };
		3C6CB17B2673D74000452686 /* GitRepoSearchTests.swift in Sources */ = {isa = PBXBuildFile; fileRef = 3C6CB17A2673D74000452686 /* GitRepoSearchTests.swift */; };
		3C6CB1862673D74000452686 /* GitRepoSearchUITests.swift in Sources */ = {isa = PBXBuildFile; fileRef = 3C6CB1852673D74000452686 /* GitRepoSearchUITests.swift */; };
		3C6CB1A32673D8F900452686 /* HomeViewController.swift in Sources */ = {isa = PBXBuildFile; fileRef = 3C6CB1A22673D8F900452686 /* HomeViewController.swift */; };
		3C6CB1AC2673DB8300452686 /* View+Extension.swift in Sources */ = {isa = PBXBuildFile; fileRef = 3C6CB1AB2673DB8300452686 /* View+Extension.swift */; };
		3C6CB1B12673DBD100452686 /* AlertViewExtension.swift in Sources */ = {isa = PBXBuildFile; fileRef = 3C6CB1B02673DBD100452686 /* AlertViewExtension.swift */; };
		3C6CB1B62674473C00452686 /* HTTPRequest.swift in Sources */ = {isa = PBXBuildFile; fileRef = 3C6CB1B52674473B00452686 /* HTTPRequest.swift */; };
		3C6CB1C5267447E300452686 /* HTTPStatusCodes.swift in Sources */ = {isa = PBXBuildFile; fileRef = 3C6CB1C4267447E300452686 /* HTTPStatusCodes.swift */; };
		3C6CB1CA2674480800452686 /* HTTPStatusCodes+Extension.swift in Sources */ = {isa = PBXBuildFile; fileRef = 3C6CB1C92674480800452686 /* HTTPStatusCodes+Extension.swift */; };
		3C6CB1D02674483D00452686 /* Reachability.swift in Sources */ = {isa = PBXBuildFile; fileRef = 3C6CB1CF2674483D00452686 /* Reachability.swift */; };
		3C6CB1D62674489D00452686 /* ProgressHUD.swift in Sources */ = {isa = PBXBuildFile; fileRef = 3C6CB1D52674489D00452686 /* ProgressHUD.swift */; };
		3C6CB2492674A42400452686 /* RepoTableViewCell.swift in Sources */ = {isa = PBXBuildFile; fileRef = 3C6CB2472674A42400452686 /* RepoTableViewCell.swift */; };
		3C6CB24A2674A42400452686 /* RepoTableViewCell.xib in Resources */ = {isa = PBXBuildFile; fileRef = 3C6CB2482674A42400452686 /* RepoTableViewCell.xib */; };
		3C6CB2582674AB5C00452686 /* DetailViewController.swift in Sources */ = {isa = PBXBuildFile; fileRef = 3C6CB2572674AB5C00452686 /* DetailViewController.swift */; };
		3C6CB25D2674AC8300452686 /* RepoModel.swift in Sources */ = {isa = PBXBuildFile; fileRef = 3C6CB25C2674AC8300452686 /* RepoModel.swift */; };
		3C6CB2632674AEB700452686 /* ImageViewController.swift in Sources */ = {isa = PBXBuildFile; fileRef = 3C6CB2622674AEB700452686 /* ImageViewController.swift */; };
		3C6CB26B2674DC2E00452686 /* HomeViewModel.swift in Sources */ = {isa = PBXBuildFile; fileRef = 3C6CB26A2674DC2E00452686 /* HomeViewModel.swift */; };
		3C6CB2732675318800452686 /* ImageViewExtension.swift in Sources */ = {isa = PBXBuildFile; fileRef = 3C6CB2722675318700452686 /* ImageViewExtension.swift */; };
		3C6CB28226754CC400452686 /* Dictionary+extention.swift in Sources */ = {isa = PBXBuildFile; fileRef = 3C6CB28126754CC400452686 /* Dictionary+extention.swift */; };
		E91EDB922C01BD7DD1ED44F6 /* Pods_GitRepoSearch.framework in Frameworks */ = {isa = PBXBuildFile; fileRef = 867196CA4F2D46B0905D6DE3 /* Pods_GitRepoSearch.framework */; };
		FC61CA038D561252E34E1290 /* Pods_GitRepoSearch_GitRepoSearchUITests.framework in Frameworks */ = {isa = PBXBuildFile; fileRef = 26CB64B1C037D965F6413469 /* Pods_GitRepoSearch_GitRepoSearchUITests.framework */; };
/* End PBXBuildFile section */

/* Begin PBXContainerItemProxy section */
		3C6CB1772673D74000452686 /* PBXContainerItemProxy */ = {
			isa = PBXContainerItemProxy;
			containerPortal = 3C6CB1582673D73A00452686 /* Project object */;
			proxyType = 1;
			remoteGlobalIDString = 3C6CB15F2673D73A00452686;
			remoteInfo = GitRepoSearch;
		};
		3C6CB1822673D74000452686 /* PBXContainerItemProxy */ = {
			isa = PBXContainerItemProxy;
			containerPortal = 3C6CB1582673D73A00452686 /* Project object */;
			proxyType = 1;
			remoteGlobalIDString = 3C6CB15F2673D73A00452686;
			remoteInfo = GitRepoSearch;
		};
/* End PBXContainerItemProxy section */

/* Begin PBXFileReference section */
		26CB64B1C037D965F6413469 /* Pods_GitRepoSearch_GitRepoSearchUITests.framework */ = {isa = PBXFileReference; explicitFileType = wrapper.framework; includeInIndex = 0; path = Pods_GitRepoSearch_GitRepoSearchUITests.framework; sourceTree = BUILT_PRODUCTS_DIR; };
		301E74A93A3A9A626F28A1D9 /* Pods-GitRepoSearch.release.xcconfig */ = {isa = PBXFileReference; includeInIndex = 1; lastKnownFileType = text.xcconfig; name = "Pods-GitRepoSearch.release.xcconfig"; path = "Target Support Files/Pods-GitRepoSearch/Pods-GitRepoSearch.release.xcconfig"; sourceTree = "<group>"; };
		3BF4603AB886E8EE82D0E5FF /* Pods-GitRepoSearch-GitRepoSearchUITests.release.xcconfig */ = {isa = PBXFileReference; includeInIndex = 1; lastKnownFileType = text.xcconfig; name = "Pods-GitRepoSearch-GitRepoSearchUITests.release.xcconfig"; path = "Target Support Files/Pods-GitRepoSearch-GitRepoSearchUITests/Pods-GitRepoSearch-GitRepoSearchUITests.release.xcconfig"; sourceTree = "<group>"; };
		3C6B0EBD26772647003FB370 /* GlobalService.swift */ = {isa = PBXFileReference; lastKnownFileType = sourcecode.swift; path = GlobalService.swift; sourceTree = "<group>"; };
		3C6B0EC7267729B5003FB370 /* AdminViewController.swift */ = {isa = PBXFileReference; lastKnownFileType = sourcecode.swift; path = AdminViewController.swift; sourceTree = "<group>"; };
		3C6B0ECF26772AD8003FB370 /* AdminViewModel.swift */ = {isa = PBXFileReference; lastKnownFileType = sourcecode.swift; path = AdminViewModel.swift; sourceTree = "<group>"; };
		3C6B0ED72677B50F003FB370 /* SearchResultsDetailViewController.swift */ = {isa = PBXFileReference; lastKnownFileType = sourcecode.swift; path = SearchResultsDetailViewController.swift; sourceTree = "<group>"; };
		3C6CB1602673D73A00452686 /* GitRepoSearch.app */ = {isa = PBXFileReference; explicitFileType = wrapper.application; includeInIndex = 0; path = GitRepoSearch.app; sourceTree = BUILT_PRODUCTS_DIR; };
		3C6CB1632673D73A00452686 /* AppDelegate.swift */ = {isa = PBXFileReference; lastKnownFileType = sourcecode.swift; path = AppDelegate.swift; sourceTree = "<group>"; };
		3C6CB1652673D73A00452686 /* SceneDelegate.swift */ = {isa = PBXFileReference; lastKnownFileType = sourcecode.swift; path = SceneDelegate.swift; sourceTree = "<group>"; };
		3C6CB1672673D73A00452686 /* ViewController.swift */ = {isa = PBXFileReference; lastKnownFileType = sourcecode.swift; path = ViewController.swift; sourceTree = "<group>"; };
		3C6CB16A2673D73A00452686 /* Base */ = {isa = PBXFileReference; lastKnownFileType = file.storyboard; name = Base; path = Base.lproj/Main.storyboard; sourceTree = "<group>"; };
		3C6CB16C2673D73F00452686 /* Assets.xcassets */ = {isa = PBXFileReference; lastKnownFileType = folder.assetcatalog; path = Assets.xcassets; sourceTree = "<group>"; };
		3C6CB16F2673D73F00452686 /* Base */ = {isa = PBXFileReference; lastKnownFileType = file.storyboard; name = Base; path = Base.lproj/LaunchScreen.storyboard; sourceTree = "<group>"; };
		3C6CB1712673D73F00452686 /* Info.plist */ = {isa = PBXFileReference; lastKnownFileType = text.plist.xml; path = Info.plist; sourceTree = "<group>"; };
		3C6CB1762673D74000452686 /* GitRepoSearchTests.xctest */ = {isa = PBXFileReference; explicitFileType = wrapper.cfbundle; includeInIndex = 0; path = GitRepoSearchTests.xctest; sourceTree = BUILT_PRODUCTS_DIR; };
		3C6CB17A2673D74000452686 /* GitRepoSearchTests.swift */ = {isa = PBXFileReference; lastKnownFileType = sourcecode.swift; path = GitRepoSearchTests.swift; sourceTree = "<group>"; };
		3C6CB17C2673D74000452686 /* Info.plist */ = {isa = PBXFileReference; lastKnownFileType = text.plist.xml; path = Info.plist; sourceTree = "<group>"; };
		3C6CB1812673D74000452686 /* GitRepoSearchUITests.xctest */ = {isa = PBXFileReference; explicitFileType = wrapper.cfbundle; includeInIndex = 0; path = GitRepoSearchUITests.xctest; sourceTree = BUILT_PRODUCTS_DIR; };
		3C6CB1852673D74000452686 /* GitRepoSearchUITests.swift */ = {isa = PBXFileReference; lastKnownFileType = sourcecode.swift; path = GitRepoSearchUITests.swift; sourceTree = "<group>"; };
		3C6CB1872673D74000452686 /* Info.plist */ = {isa = PBXFileReference; lastKnownFileType = text.plist.xml; path = Info.plist; sourceTree = "<group>"; };
		3C6CB1A22673D8F900452686 /* HomeViewController.swift */ = {isa = PBXFileReference; lastKnownFileType = sourcecode.swift; path = HomeViewController.swift; sourceTree = "<group>"; };
		3C6CB1AB2673DB8300452686 /* View+Extension.swift */ = {isa = PBXFileReference; lastKnownFileType = sourcecode.swift; path = "View+Extension.swift"; sourceTree = "<group>"; };
		3C6CB1B02673DBD100452686 /* AlertViewExtension.swift */ = {isa = PBXFileReference; lastKnownFileType = sourcecode.swift; path = AlertViewExtension.swift; sourceTree = "<group>"; };
		3C6CB1B52674473B00452686 /* HTTPRequest.swift */ = {isa = PBXFileReference; lastKnownFileType = sourcecode.swift; path = HTTPRequest.swift; sourceTree = "<group>"; };
		3C6CB1C4267447E300452686 /* HTTPStatusCodes.swift */ = {isa = PBXFileReference; lastKnownFileType = sourcecode.swift; path = HTTPStatusCodes.swift; sourceTree = "<group>"; };
		3C6CB1C92674480800452686 /* HTTPStatusCodes+Extension.swift */ = {isa = PBXFileReference; lastKnownFileType = sourcecode.swift; path = "HTTPStatusCodes+Extension.swift"; sourceTree = "<group>"; };
		3C6CB1CF2674483D00452686 /* Reachability.swift */ = {isa = PBXFileReference; lastKnownFileType = sourcecode.swift; path = Reachability.swift; sourceTree = "<group>"; };
		3C6CB1D52674489D00452686 /* ProgressHUD.swift */ = {isa = PBXFileReference; lastKnownFileType = sourcecode.swift; path = ProgressHUD.swift; sourceTree = "<group>"; };
		3C6CB2472674A42400452686 /* RepoTableViewCell.swift */ = {isa = PBXFileReference; lastKnownFileType = sourcecode.swift; path = RepoTableViewCell.swift; sourceTree = "<group>"; };
		3C6CB2482674A42400452686 /* RepoTableViewCell.xib */ = {isa = PBXFileReference; lastKnownFileType = file.xib; path = RepoTableViewCell.xib; sourceTree = "<group>"; };
		3C6CB2572674AB5C00452686 /* DetailViewController.swift */ = {isa = PBXFileReference; lastKnownFileType = sourcecode.swift; path = DetailViewController.swift; sourceTree = "<group>"; };
		3C6CB25C2674AC8300452686 /* RepoModel.swift */ = {isa = PBXFileReference; lastKnownFileType = sourcecode.swift; path = RepoModel.swift; sourceTree = "<group>"; };
		3C6CB2622674AEB700452686 /* ImageViewController.swift */ = {isa = PBXFileReference; lastKnownFileType = sourcecode.swift; path = ImageViewController.swift; sourceTree = "<group>"; };
		3C6CB26A2674DC2E00452686 /* HomeViewModel.swift */ = {isa = PBXFileReference; lastKnownFileType = sourcecode.swift; path = HomeViewModel.swift; sourceTree = "<group>"; };
		3C6CB2722675318700452686 /* ImageViewExtension.swift */ = {isa = PBXFileReference; lastKnownFileType = sourcecode.swift; path = ImageViewExtension.swift; sourceTree = "<group>"; };
		3C6CB28126754CC400452686 /* Dictionary+extention.swift */ = {isa = PBXFileReference; lastKnownFileType = sourcecode.swift; path = "Dictionary+extention.swift"; sourceTree = "<group>"; };
		696ED736CA3977164143C4C5 /* Pods-GitRepoSearch.debug.xcconfig */ = {isa = PBXFileReference; includeInIndex = 1; lastKnownFileType = text.xcconfig; name = "Pods-GitRepoSearch.debug.xcconfig"; path = "Target Support Files/Pods-GitRepoSearch/Pods-GitRepoSearch.debug.xcconfig"; sourceTree = "<group>"; };
		7FBA621990511A0A665A452E /* Pods-GitRepoSearch-GitRepoSearchUITests.debug.xcconfig */ = {isa = PBXFileReference; includeInIndex = 1; lastKnownFileType = text.xcconfig; name = "Pods-GitRepoSearch-GitRepoSearchUITests.debug.xcconfig"; path = "Target Support Files/Pods-GitRepoSearch-GitRepoSearchUITests/Pods-GitRepoSearch-GitRepoSearchUITests.debug.xcconfig"; sourceTree = "<group>"; };
		867196CA4F2D46B0905D6DE3 /* Pods_GitRepoSearch.framework */ = {isa = PBXFileReference; explicitFileType = wrapper.framework; includeInIndex = 0; path = Pods_GitRepoSearch.framework; sourceTree = BUILT_PRODUCTS_DIR; };
		9DD5B5A243F1B240C0B953E7 /* Pods-GitRepoSearchTests.release.xcconfig */ = {isa = PBXFileReference; includeInIndex = 1; lastKnownFileType = text.xcconfig; name = "Pods-GitRepoSearchTests.release.xcconfig"; path = "Target Support Files/Pods-GitRepoSearchTests/Pods-GitRepoSearchTests.release.xcconfig"; sourceTree = "<group>"; };
		DD054F1EF725D4AD1FE77613 /* Pods_GitRepoSearchTests.framework */ = {isa = PBXFileReference; explicitFileType = wrapper.framework; includeInIndex = 0; path = Pods_GitRepoSearchTests.framework; sourceTree = BUILT_PRODUCTS_DIR; };
		F2EA49F26457C1C7A9D9EC2F /* Pods-GitRepoSearchTests.debug.xcconfig */ = {isa = PBXFileReference; includeInIndex = 1; lastKnownFileType = text.xcconfig; name = "Pods-GitRepoSearchTests.debug.xcconfig"; path = "Target Support Files/Pods-GitRepoSearchTests/Pods-GitRepoSearchTests.debug.xcconfig"; sourceTree = "<group>"; };
/* End PBXFileReference section */

/* Begin PBXFrameworksBuildPhase section */
		3C6CB15D2673D73A00452686 /* Frameworks */ = {
			isa = PBXFrameworksBuildPhase;
			buildActionMask = 2147483647;
			files = (
				E91EDB922C01BD7DD1ED44F6 /* Pods_GitRepoSearch.framework in Frameworks */,
			);
			runOnlyForDeploymentPostprocessing = 0;
		};
		3C6CB1732673D74000452686 /* Frameworks */ = {
			isa = PBXFrameworksBuildPhase;
			buildActionMask = 2147483647;
			files = (
				3396C99E58A04B324AEA905C /* Pods_GitRepoSearchTests.framework in Frameworks */,
			);
			runOnlyForDeploymentPostprocessing = 0;
		};
		3C6CB17E2673D74000452686 /* Frameworks */ = {
			isa = PBXFrameworksBuildPhase;
			buildActionMask = 2147483647;
			files = (
				FC61CA038D561252E34E1290 /* Pods_GitRepoSearch_GitRepoSearchUITests.framework in Frameworks */,
			);
			runOnlyForDeploymentPostprocessing = 0;
		};
/* End PBXFrameworksBuildPhase section */

/* Begin PBXGroup section */
		0F37BF839AD17A00EA013415 /* Frameworks */ = {
			isa = PBXGroup;
			children = (
				867196CA4F2D46B0905D6DE3 /* Pods_GitRepoSearch.framework */,
				26CB64B1C037D965F6413469 /* Pods_GitRepoSearch_GitRepoSearchUITests.framework */,
				DD054F1EF725D4AD1FE77613 /* Pods_GitRepoSearchTests.framework */,
			);
			name = Frameworks;
			sourceTree = "<group>";
		};
		3C6B0EBC2677262B003FB370 /* SharedIntance */ = {
			isa = PBXGroup;
			children = (
				3C6B0EBD26772647003FB370 /* GlobalService.swift */,
			);
			path = SharedIntance;
			sourceTree = "<group>";
		};
		3C6B0EC6267729A1003FB370 /* AdminScreen */ = {
			isa = PBXGroup;
			children = (
				3C6B0EC7267729B5003FB370 /* AdminViewController.swift */,
			);
			path = AdminScreen;
			sourceTree = "<group>";
		};
		3C6B0ED62677B4E5003FB370 /* SearchResults */ = {
			isa = PBXGroup;
			children = (
				3C6B0ED72677B50F003FB370 /* SearchResultsDetailViewController.swift */,
			);
			path = SearchResults;
			sourceTree = "<group>";
		};
		3C6CB1572673D73A00452686 = {
			isa = PBXGroup;
			children = (
				3C6CB1622673D73A00452686 /* GitRepoSearch */,
				3C6CB1792673D74000452686 /* GitRepoSearchTests */,
				3C6CB1842673D74000452686 /* GitRepoSearchUITests */,
				3C6CB1612673D73A00452686 /* Products */,
				DEC6F79F95CFDC2231087634 /* Pods */,
				0F37BF839AD17A00EA013415 /* Frameworks */,
			);
			sourceTree = "<group>";
		};
		3C6CB1612673D73A00452686 /* Products */ = {
			isa = PBXGroup;
			children = (
				3C6CB1602673D73A00452686 /* GitRepoSearch.app */,
				3C6CB1762673D74000452686 /* GitRepoSearchTests.xctest */,
				3C6CB1812673D74000452686 /* GitRepoSearchUITests.xctest */,
			);
			name = Products;
			sourceTree = "<group>";
		};
		3C6CB1622673D73A00452686 /* GitRepoSearch */ = {
			isa = PBXGroup;
			children = (
				3C6CB1AA2673DB4100452686 /* Extensions */,
				3C6CB19C2673D7F300452686 /* Networking */,
				3C6CB19A2673D7C700452686 /* Models */,
				3C6CB1992673D7BF00452686 /* Controllers */,
				3C6CB1972673D79F00452686 /* ViewModel */,
				3C6CB1962673D79500452686 /* Helper */,
				3C6CB1632673D73A00452686 /* AppDelegate.swift */,
				3C6CB1652673D73A00452686 /* SceneDelegate.swift */,
				3C6CB1672673D73A00452686 /* ViewController.swift */,
				3C6CB19B2673D7D800452686 /* Views */,
				3C6CB16C2673D73F00452686 /* Assets.xcassets */,
				3C6CB1712673D73F00452686 /* Info.plist */,
			);
			path = GitRepoSearch;
			sourceTree = "<group>";
		};
		3C6CB1792673D74000452686 /* GitRepoSearchTests */ = {
			isa = PBXGroup;
			children = (
				3C6CB17A2673D74000452686 /* GitRepoSearchTests.swift */,
				3C6CB17C2673D74000452686 /* Info.plist */,
			);
			path = GitRepoSearchTests;
			sourceTree = "<group>";
		};
		3C6CB1842673D74000452686 /* GitRepoSearchUITests */ = {
			isa = PBXGroup;
			children = (
				3C6CB1852673D74000452686 /* GitRepoSearchUITests.swift */,
				3C6CB1872673D74000452686 /* Info.plist */,
			);
			path = GitRepoSearchUITests;
			sourceTree = "<group>";
		};
		3C6CB1962673D79500452686 /* Helper */ = {
			isa = PBXGroup;
			children = (
				3C6B0EBC2677262B003FB370 /* SharedIntance */,
				3C6CB1D42674488E00452686 /* ProgressView */,
				3C6CB1CE2674482C00452686 /* Reachability */,
			);
			path = Helper;
			sourceTree = "<group>";
		};
		3C6CB1972673D79F00452686 /* ViewModel */ = {
			isa = PBXGroup;
			children = (
				3C6CB26A2674DC2E00452686 /* HomeViewModel.swift */,
				3C6B0ECF26772AD8003FB370 /* AdminViewModel.swift */,
			);
			path = ViewModel;
			sourceTree = "<group>";
		};
		3C6CB1992673D7BF00452686 /* Controllers */ = {
			isa = PBXGroup;
			children = (
				3C6B0ED62677B4E5003FB370 /* SearchResults */,
				3C6B0EC6267729A1003FB370 /* AdminScreen */,
				3C6CB2612674AE9A00452686 /* ImageScreen */,
				3C6CB24E2674AB3900452686 /* DetailScreen */,
				3C6CB1A22673D8F900452686 /* HomeViewController.swift */,
			);
			path = Controllers;
			sourceTree = "<group>";
		};
		3C6CB19A2673D7C700452686 /* Models */ = {
			isa = PBXGroup;
			children = (
				3C6CB25C2674AC8300452686 /* RepoModel.swift */,
			);
			path = Models;
			sourceTree = "<group>";
		};
		3C6CB19B2673D7D800452686 /* Views */ = {
			isa = PBXGroup;
			children = (
				3C6CB1DF2674514100452686 /* TableViewCells */,
				3C6CB1DE2674513800452686 /* Storyboards */,
			);
			path = Views;
			sourceTree = "<group>";
		};
		3C6CB19C2673D7F300452686 /* Networking */ = {
			isa = PBXGroup;
			children = (
				3C6CB1B52674473B00452686 /* HTTPRequest.swift */,
				3C6CB1C4267447E300452686 /* HTTPStatusCodes.swift */,
				3C6CB1C92674480800452686 /* HTTPStatusCodes+Extension.swift */,
			);
			path = Networking;
			sourceTree = "<group>";
		};
		3C6CB1AA2673DB4100452686 /* Extensions */ = {
			isa = PBXGroup;
			children = (
				3C6CB1AB2673DB8300452686 /* View+Extension.swift */,
				3C6CB1B02673DBD100452686 /* AlertViewExtension.swift */,
				3C6CB2722675318700452686 /* ImageViewExtension.swift */,
				3C6CB28126754CC400452686 /* Dictionary+extention.swift */,
			);
			path = Extensions;
			sourceTree = "<group>";
		};
		3C6CB1CE2674482C00452686 /* Reachability */ = {
			isa = PBXGroup;
			children = (
				3C6CB1CF2674483D00452686 /* Reachability.swift */,
			);
			path = Reachability;
			sourceTree = "<group>";
		};
		3C6CB1D42674488E00452686 /* ProgressView */ = {
			isa = PBXGroup;
			children = (
				3C6CB1D52674489D00452686 /* ProgressHUD.swift */,
			);
			path = ProgressView;
			sourceTree = "<group>";
		};
		3C6CB1DE2674513800452686 /* Storyboards */ = {
			isa = PBXGroup;
			children = (
				3C6CB16E2673D73F00452686 /* LaunchScreen.storyboard */,
				3C6CB1692673D73A00452686 /* Main.storyboard */,
			);
			path = Storyboards;
			sourceTree = "<group>";
		};
		3C6CB1DF2674514100452686 /* TableViewCells */ = {
			isa = PBXGroup;
			children = (
				3C6CB2472674A42400452686 /* RepoTableViewCell.swift */,
				3C6CB2482674A42400452686 /* RepoTableViewCell.xib */,
			);
			path = TableViewCells;
			sourceTree = "<group>";
		};
		3C6CB24E2674AB3900452686 /* DetailScreen */ = {
			isa = PBXGroup;
			children = (
				3C6CB2572674AB5C00452686 /* DetailViewController.swift */,
			);
			path = DetailScreen;
			sourceTree = "<group>";
		};
		3C6CB2612674AE9A00452686 /* ImageScreen */ = {
			isa = PBXGroup;
			children = (
				3C6CB2622674AEB700452686 /* ImageViewController.swift */,
			);
			path = ImageScreen;
			sourceTree = "<group>";
		};
		DEC6F79F95CFDC2231087634 /* Pods */ = {
			isa = PBXGroup;
			children = (
				696ED736CA3977164143C4C5 /* Pods-GitRepoSearch.debug.xcconfig */,
				301E74A93A3A9A626F28A1D9 /* Pods-GitRepoSearch.release.xcconfig */,
				7FBA621990511A0A665A452E /* Pods-GitRepoSearch-GitRepoSearchUITests.debug.xcconfig */,
				3BF4603AB886E8EE82D0E5FF /* Pods-GitRepoSearch-GitRepoSearchUITests.release.xcconfig */,
				F2EA49F26457C1C7A9D9EC2F /* Pods-GitRepoSearchTests.debug.xcconfig */,
				9DD5B5A243F1B240C0B953E7 /* Pods-GitRepoSearchTests.release.xcconfig */,
			);
			path = Pods;
			sourceTree = "<group>";
		};
/* End PBXGroup section */

/* Begin PBXNativeTarget section */
		3C6CB15F2673D73A00452686 /* GitRepoSearch */ = {
			isa = PBXNativeTarget;
			buildConfigurationList = 3C6CB18A2673D74000452686 /* Build configuration list for PBXNativeTarget "GitRepoSearch" */;
			buildPhases = (
				DB6A5FCF16FB5D6578139BE0 /* [CP] Check Pods Manifest.lock */,
				3C6CB15C2673D73A00452686 /* Sources */,
				3C6CB15D2673D73A00452686 /* Frameworks */,
				3C6CB15E2673D73A00452686 /* Resources */,
				DDECC57240D6948541DD326A /* [CP] Embed Pods Frameworks */,
			);
			buildRules = (
			);
			dependencies = (
			);
			name = GitRepoSearch;
			productName = GitRepoSearch;
			productReference = 3C6CB1602673D73A00452686 /* GitRepoSearch.app */;
			productType = "com.apple.product-type.application";
		};
		3C6CB1752673D74000452686 /* GitRepoSearchTests */ = {
			isa = PBXNativeTarget;
			buildConfigurationList = 3C6CB18D2673D74000452686 /* Build configuration list for PBXNativeTarget "GitRepoSearchTests" */;
			buildPhases = (
				9126A5FDDA75F4BF93A11EC7 /* [CP] Check Pods Manifest.lock */,
				3C6CB1722673D74000452686 /* Sources */,
				3C6CB1732673D74000452686 /* Frameworks */,
				3C6CB1742673D74000452686 /* Resources */,
			);
			buildRules = (
			);
			dependencies = (
				3C6CB1782673D74000452686 /* PBXTargetDependency */,
			);
			name = GitRepoSearchTests;
			productName = GitRepoSearchTests;
			productReference = 3C6CB1762673D74000452686 /* GitRepoSearchTests.xctest */;
			productType = "com.apple.product-type.bundle.unit-test";
		};
		3C6CB1802673D74000452686 /* GitRepoSearchUITests */ = {
			isa = PBXNativeTarget;
			buildConfigurationList = 3C6CB1902673D74000452686 /* Build configuration list for PBXNativeTarget "GitRepoSearchUITests" */;
			buildPhases = (
				33E22708717B34D58E70DCCC /* [CP] Check Pods Manifest.lock */,
				3C6CB17D2673D74000452686 /* Sources */,
				3C6CB17E2673D74000452686 /* Frameworks */,
				3C6CB17F2673D74000452686 /* Resources */,
				0BE32A2AFC9E9C0848B208BB /* [CP] Embed Pods Frameworks */,
			);
			buildRules = (
			);
			dependencies = (
				3C6CB1832673D74000452686 /* PBXTargetDependency */,
			);
			name = GitRepoSearchUITests;
			productName = GitRepoSearchUITests;
			productReference = 3C6CB1812673D74000452686 /* GitRepoSearchUITests.xctest */;
			productType = "com.apple.product-type.bundle.ui-testing";
		};
/* End PBXNativeTarget section */

/* Begin PBXProject section */
		3C6CB1582673D73A00452686 /* Project object */ = {
			isa = PBXProject;
			attributes = {
				LastSwiftUpdateCheck = 1220;
				LastUpgradeCheck = 1220;
				TargetAttributes = {
					3C6CB15F2673D73A00452686 = {
						CreatedOnToolsVersion = 12.2;
					};
					3C6CB1752673D74000452686 = {
						CreatedOnToolsVersion = 12.2;
						TestTargetID = 3C6CB15F2673D73A00452686;
					};
					3C6CB1802673D74000452686 = {
						CreatedOnToolsVersion = 12.2;
						TestTargetID = 3C6CB15F2673D73A00452686;
					};
				};
			};
			buildConfigurationList = 3C6CB15B2673D73A00452686 /* Build configuration list for PBXProject "GitRepoSearch" */;
			compatibilityVersion = "Xcode 9.3";
			developmentRegion = en;
			hasScannedForEncodings = 0;
			knownRegions = (
				en,
				Base,
			);
			mainGroup = 3C6CB1572673D73A00452686;
			productRefGroup = 3C6CB1612673D73A00452686 /* Products */;
			projectDirPath = "";
			projectRoot = "";
			targets = (
				3C6CB15F2673D73A00452686 /* GitRepoSearch */,
				3C6CB1752673D74000452686 /* GitRepoSearchTests */,
				3C6CB1802673D74000452686 /* GitRepoSearchUITests */,
			);
		};
/* End PBXProject section */

/* Begin PBXResourcesBuildPhase section */
		3C6CB15E2673D73A00452686 /* Resources */ = {
			isa = PBXResourcesBuildPhase;
			buildActionMask = 2147483647;
			files = (
				3C6CB1702673D73F00452686 /* LaunchScreen.storyboard in Resources */,
				3C6CB16D2673D73F00452686 /* Assets.xcassets in Resources */,
				3C6CB16B2673D73A00452686 /* Main.storyboard in Resources */,
				3C6CB24A2674A42400452686 /* RepoTableViewCell.xib in Resources */,
			);
			runOnlyForDeploymentPostprocessing = 0;
		};
		3C6CB1742673D74000452686 /* Resources */ = {
			isa = PBXResourcesBuildPhase;
			buildActionMask = 2147483647;
			files = (
			);
			runOnlyForDeploymentPostprocessing = 0;
		};
		3C6CB17F2673D74000452686 /* Resources */ = {
			isa = PBXResourcesBuildPhase;
			buildActionMask = 2147483647;
			files = (
			);
			runOnlyForDeploymentPostprocessing = 0;
		};
/* End PBXResourcesBuildPhase section */

/* Begin PBXShellScriptBuildPhase section */
		0BE32A2AFC9E9C0848B208BB /* [CP] Embed Pods Frameworks */ = {
			isa = PBXShellScriptBuildPhase;
			buildActionMask = 2147483647;
			files = (
			);
			inputFileListPaths = (
				"${PODS_ROOT}/Target Support Files/Pods-GitRepoSearch-GitRepoSearchUITests/Pods-GitRepoSearch-GitRepoSearchUITests-frameworks-${CONFIGURATION}-input-files.xcfilelist",
			);
			name = "[CP] Embed Pods Frameworks";
			outputFileListPaths = (
				"${PODS_ROOT}/Target Support Files/Pods-GitRepoSearch-GitRepoSearchUITests/Pods-GitRepoSearch-GitRepoSearchUITests-frameworks-${CONFIGURATION}-output-files.xcfilelist",
			);
			runOnlyForDeploymentPostprocessing = 0;
			shellPath = /bin/sh;
			shellScript = "\"${PODS_ROOT}/Target Support Files/Pods-GitRepoSearch-GitRepoSearchUITests/Pods-GitRepoSearch-GitRepoSearchUITests-frameworks.sh\"\n";
			showEnvVarsInLog = 0;
		};
		33E22708717B34D58E70DCCC /* [CP] Check Pods Manifest.lock */ = {
			isa = PBXShellScriptBuildPhase;
			buildActionMask = 2147483647;
			files = (
			);
			inputFileListPaths = (
			);
			inputPaths = (
				"${PODS_PODFILE_DIR_PATH}/Podfile.lock",
				"${PODS_ROOT}/Manifest.lock",
			);
			name = "[CP] Check Pods Manifest.lock";
			outputFileListPaths = (
			);
			outputPaths = (
				"$(DERIVED_FILE_DIR)/Pods-GitRepoSearch-GitRepoSearchUITests-checkManifestLockResult.txt",
			);
			runOnlyForDeploymentPostprocessing = 0;
			shellPath = /bin/sh;
			shellScript = "diff \"${PODS_PODFILE_DIR_PATH}/Podfile.lock\" \"${PODS_ROOT}/Manifest.lock\" > /dev/null\nif [ $? != 0 ] ; then\n    # print error to STDERR\n    echo \"error: The sandbox is not in sync with the Podfile.lock. Run 'pod install' or update your CocoaPods installation.\" >&2\n    exit 1\nfi\n# This output is used by Xcode 'outputs' to avoid re-running this script phase.\necho \"SUCCESS\" > \"${SCRIPT_OUTPUT_FILE_0}\"\n";
			showEnvVarsInLog = 0;
		};
		9126A5FDDA75F4BF93A11EC7 /* [CP] Check Pods Manifest.lock */ = {
			isa = PBXShellScriptBuildPhase;
			buildActionMask = 2147483647;
			files = (
			);
			inputFileListPaths = (
			);
			inputPaths = (
				"${PODS_PODFILE_DIR_PATH}/Podfile.lock",
				"${PODS_ROOT}/Manifest.lock",
			);
			name = "[CP] Check Pods Manifest.lock";
			outputFileListPaths = (
			);
			outputPaths = (
				"$(DERIVED_FILE_DIR)/Pods-GitRepoSearchTests-checkManifestLockResult.txt",
			);
			runOnlyForDeploymentPostprocessing = 0;
			shellPath = /bin/sh;
			shellScript = "diff \"${PODS_PODFILE_DIR_PATH}/Podfile.lock\" \"${PODS_ROOT}/Manifest.lock\" > /dev/null\nif [ $? != 0 ] ; then\n    # print error to STDERR\n    echo \"error: The sandbox is not in sync with the Podfile.lock. Run 'pod install' or update your CocoaPods installation.\" >&2\n    exit 1\nfi\n# This output is used by Xcode 'outputs' to avoid re-running this script phase.\necho \"SUCCESS\" > \"${SCRIPT_OUTPUT_FILE_0}\"\n";
			showEnvVarsInLog = 0;
		};
		DB6A5FCF16FB5D6578139BE0 /* [CP] Check Pods Manifest.lock */ = {
			isa = PBXShellScriptBuildPhase;
			buildActionMask = 2147483647;
			files = (
			);
			inputFileListPaths = (
			);
			inputPaths = (
				"${PODS_PODFILE_DIR_PATH}/Podfile.lock",
				"${PODS_ROOT}/Manifest.lock",
			);
			name = "[CP] Check Pods Manifest.lock";
			outputFileListPaths = (
			);
			outputPaths = (
				"$(DERIVED_FILE_DIR)/Pods-GitRepoSearch-checkManifestLockResult.txt",
			);
			runOnlyForDeploymentPostprocessing = 0;
			shellPath = /bin/sh;
			shellScript = "diff \"${PODS_PODFILE_DIR_PATH}/Podfile.lock\" \"${PODS_ROOT}/Manifest.lock\" > /dev/null\nif [ $? != 0 ] ; then\n    # print error to STDERR\n    echo \"error: The sandbox is not in sync with the Podfile.lock. Run 'pod install' or update your CocoaPods installation.\" >&2\n    exit 1\nfi\n# This output is used by Xcode 'outputs' to avoid re-running this script phase.\necho \"SUCCESS\" > \"${SCRIPT_OUTPUT_FILE_0}\"\n";
			showEnvVarsInLog = 0;
		};
		DDECC57240D6948541DD326A /* [CP] Embed Pods Frameworks */ = {
			isa = PBXShellScriptBuildPhase;
			buildActionMask = 2147483647;
			files = (
			);
			inputFileListPaths = (
				"${PODS_ROOT}/Target Support Files/Pods-GitRepoSearch/Pods-GitRepoSearch-frameworks-${CONFIGURATION}-input-files.xcfilelist",
			);
			name = "[CP] Embed Pods Frameworks";
			outputFileListPaths = (
				"${PODS_ROOT}/Target Support Files/Pods-GitRepoSearch/Pods-GitRepoSearch-frameworks-${CONFIGURATION}-output-files.xcfilelist",
			);
			runOnlyForDeploymentPostprocessing = 0;
			shellPath = /bin/sh;
			shellScript = "\"${PODS_ROOT}/Target Support Files/Pods-GitRepoSearch/Pods-GitRepoSearch-frameworks.sh\"\n";
			showEnvVarsInLog = 0;
		};
/* End PBXShellScriptBuildPhase section */

/* Begin PBXSourcesBuildPhase section */
		3C6CB15C2673D73A00452686 /* Sources */ = {
			isa = PBXSourcesBuildPhase;
			buildActionMask = 2147483647;
			files = (
				3C6CB2582674AB5C00452686 /* DetailViewController.swift in Sources */,
				3C6CB25D2674AC8300452686 /* RepoModel.swift in Sources */,
				3C6CB28226754CC400452686 /* Dictionary+extention.swift in Sources */,
				3C6CB1682673D73A00452686 /* ViewController.swift in Sources */,
				3C6CB26B2674DC2E00452686 /* HomeViewModel.swift in Sources */,
				3C6CB1CA2674480800452686 /* HTTPStatusCodes+Extension.swift in Sources */,
				3C6B0EBE26772647003FB370 /* GlobalService.swift in Sources */,
				3C6CB1B12673DBD100452686 /* AlertViewExtension.swift in Sources */,
				3C6B0EC8267729B5003FB370 /* AdminViewController.swift in Sources */,
				3C6CB1C5267447E300452686 /* HTTPStatusCodes.swift in Sources */,
				3C6CB1642673D73A00452686 /* AppDelegate.swift in Sources */,
				3C6CB2632674AEB700452686 /* ImageViewController.swift in Sources */,
				3C6B0ED026772AD8003FB370 /* AdminViewModel.swift in Sources */,
				3C6CB1D62674489D00452686 /* ProgressHUD.swift in Sources */,
				3C6CB1AC2673DB8300452686 /* View+Extension.swift in Sources */,
				3C6CB1B62674473C00452686 /* HTTPRequest.swift in Sources */,
				3C6CB1662673D73A00452686 /* SceneDelegate.swift in Sources */,
				3C6CB2732675318800452686 /* ImageViewExtension.swift in Sources */,
				3C6B0ED82677B50F003FB370 /* SearchResultsDetailViewController.swift in Sources */,
				3C6CB1D02674483D00452686 /* Reachability.swift in Sources */,
				3C6CB1A32673D8F900452686 /* HomeViewController.swift in Sources */,
				3C6CB2492674A42400452686 /* RepoTableViewCell.swift in Sources */,
			);
			runOnlyForDeploymentPostprocessing = 0;
		};
		3C6CB1722673D74000452686 /* Sources */ = {
			isa = PBXSourcesBuildPhase;
			buildActionMask = 2147483647;
			files = (
				3C6CB17B2673D74000452686 /* GitRepoSearchTests.swift in Sources */,
			);
			runOnlyForDeploymentPostprocessing = 0;
		};
		3C6CB17D2673D74000452686 /* Sources */ = {
			isa = PBXSourcesBuildPhase;
			buildActionMask = 2147483647;
			files = (
				3C6CB1862673D74000452686 /* GitRepoSearchUITests.swift in Sources */,
			);
			runOnlyForDeploymentPostprocessing = 0;
		};
/* End PBXSourcesBuildPhase section */

/* Begin PBXTargetDependency section */
		3C6CB1782673D74000452686 /* PBXTargetDependency */ = {
			isa = PBXTargetDependency;
			target = 3C6CB15F2673D73A00452686 /* GitRepoSearch */;
			targetProxy = 3C6CB1772673D74000452686 /* PBXContainerItemProxy */;
		};
		3C6CB1832673D74000452686 /* PBXTargetDependency */ = {
			isa = PBXTargetDependency;
			target = 3C6CB15F2673D73A00452686 /* GitRepoSearch */;
			targetProxy = 3C6CB1822673D74000452686 /* PBXContainerItemProxy */;
		};
/* End PBXTargetDependency section */

/* Begin PBXVariantGroup section */
		3C6CB1692673D73A00452686 /* Main.storyboard */ = {
			isa = PBXVariantGroup;
			children = (
				3C6CB16A2673D73A00452686 /* Base */,
			);
			name = Main.storyboard;
			sourceTree = "<group>";
		};
		3C6CB16E2673D73F00452686 /* LaunchScreen.storyboard */ = {
			isa = PBXVariantGroup;
			children = (
				3C6CB16F2673D73F00452686 /* Base */,
			);
			name = LaunchScreen.storyboard;
			sourceTree = "<group>";
		};
/* End PBXVariantGroup section */

/* Begin XCBuildConfiguration section */
		3C6CB1882673D74000452686 /* Debug */ = {
			isa = XCBuildConfiguration;
			buildSettings = {
				ALWAYS_SEARCH_USER_PATHS = NO;
				CLANG_ANALYZER_NONNULL = YES;
				CLANG_ANALYZER_NUMBER_OBJECT_CONVERSION = YES_AGGRESSIVE;
				CLANG_CXX_LANGUAGE_STANDARD = "gnu++14";
				CLANG_CXX_LIBRARY = "libc++";
				CLANG_ENABLE_MODULES = YES;
				CLANG_ENABLE_OBJC_ARC = YES;
				CLANG_ENABLE_OBJC_WEAK = YES;
				CLANG_WARN_BLOCK_CAPTURE_AUTORELEASING = YES;
				CLANG_WARN_BOOL_CONVERSION = YES;
				CLANG_WARN_COMMA = YES;
				CLANG_WARN_CONSTANT_CONVERSION = YES;
				CLANG_WARN_DEPRECATED_OBJC_IMPLEMENTATIONS = YES;
				CLANG_WARN_DIRECT_OBJC_ISA_USAGE = YES_ERROR;
				CLANG_WARN_DOCUMENTATION_COMMENTS = YES;
				CLANG_WARN_EMPTY_BODY = YES;
				CLANG_WARN_ENUM_CONVERSION = YES;
				CLANG_WARN_INFINITE_RECURSION = YES;
				CLANG_WARN_INT_CONVERSION = YES;
				CLANG_WARN_NON_LITERAL_NULL_CONVERSION = YES;
				CLANG_WARN_OBJC_IMPLICIT_RETAIN_SELF = YES;
				CLANG_WARN_OBJC_LITERAL_CONVERSION = YES;
				CLANG_WARN_OBJC_ROOT_CLASS = YES_ERROR;
				CLANG_WARN_QUOTED_INCLUDE_IN_FRAMEWORK_HEADER = YES;
				CLANG_WARN_RANGE_LOOP_ANALYSIS = YES;
				CLANG_WARN_STRICT_PROTOTYPES = YES;
				CLANG_WARN_SUSPICIOUS_MOVE = YES;
				CLANG_WARN_UNGUARDED_AVAILABILITY = YES_AGGRESSIVE;
				CLANG_WARN_UNREACHABLE_CODE = YES;
				CLANG_WARN__DUPLICATE_METHOD_MATCH = YES;
				COPY_PHASE_STRIP = NO;
				DEBUG_INFORMATION_FORMAT = dwarf;
				ENABLE_STRICT_OBJC_MSGSEND = YES;
				ENABLE_TESTABILITY = YES;
				GCC_C_LANGUAGE_STANDARD = gnu11;
				GCC_DYNAMIC_NO_PIC = NO;
				GCC_NO_COMMON_BLOCKS = YES;
				GCC_OPTIMIZATION_LEVEL = 0;
				GCC_PREPROCESSOR_DEFINITIONS = (
					"DEBUG=1",
					"$(inherited)",
				);
				GCC_WARN_64_TO_32_BIT_CONVERSION = YES;
				GCC_WARN_ABOUT_RETURN_TYPE = YES_ERROR;
				GCC_WARN_UNDECLARED_SELECTOR = YES;
				GCC_WARN_UNINITIALIZED_AUTOS = YES_AGGRESSIVE;
				GCC_WARN_UNUSED_FUNCTION = YES;
				GCC_WARN_UNUSED_VARIABLE = YES;
				IPHONEOS_DEPLOYMENT_TARGET = 14.2;
				MTL_ENABLE_DEBUG_INFO = INCLUDE_SOURCE;
				MTL_FAST_MATH = YES;
				ONLY_ACTIVE_ARCH = YES;
				SDKROOT = iphoneos;
				SWIFT_ACTIVE_COMPILATION_CONDITIONS = DEBUG;
				SWIFT_OPTIMIZATION_LEVEL = "-Onone";
			};
			name = Debug;
		};
		3C6CB1892673D74000452686 /* Release */ = {
			isa = XCBuildConfiguration;
			buildSettings = {
				ALWAYS_SEARCH_USER_PATHS = NO;
				CLANG_ANALYZER_NONNULL = YES;
				CLANG_ANALYZER_NUMBER_OBJECT_CONVERSION = YES_AGGRESSIVE;
				CLANG_CXX_LANGUAGE_STANDARD = "gnu++14";
				CLANG_CXX_LIBRARY = "libc++";
				CLANG_ENABLE_MODULES = YES;
				CLANG_ENABLE_OBJC_ARC = YES;
				CLANG_ENABLE_OBJC_WEAK = YES;
				CLANG_WARN_BLOCK_CAPTURE_AUTORELEASING = YES;
				CLANG_WARN_BOOL_CONVERSION = YES;
				CLANG_WARN_COMMA = YES;
				CLANG_WARN_CONSTANT_CONVERSION = YES;
				CLANG_WARN_DEPRECATED_OBJC_IMPLEMENTATIONS = YES;
				CLANG_WARN_DIRECT_OBJC_ISA_USAGE = YES_ERROR;
				CLANG_WARN_DOCUMENTATION_COMMENTS = YES;
				CLANG_WARN_EMPTY_BODY = YES;
				CLANG_WARN_ENUM_CONVERSION = YES;
				CLANG_WARN_INFINITE_RECURSION = YES;
				CLANG_WARN_INT_CONVERSION = YES;
				CLANG_WARN_NON_LITERAL_NULL_CONVERSION = YES;
				CLANG_WARN_OBJC_IMPLICIT_RETAIN_SELF = YES;
				CLANG_WARN_OBJC_LITERAL_CONVERSION = YES;
				CLANG_WARN_OBJC_ROOT_CLASS = YES_ERROR;
				CLANG_WARN_QUOTED_INCLUDE_IN_FRAMEWORK_HEADER = YES;
				CLANG_WARN_RANGE_LOOP_ANALYSIS = YES;
				CLANG_WARN_STRICT_PROTOTYPES = YES;
				CLANG_WARN_SUSPICIOUS_MOVE = YES;
				CLANG_WARN_UNGUARDED_AVAILABILITY = YES_AGGRESSIVE;
				CLANG_WARN_UNREACHABLE_CODE = YES;
				CLANG_WARN__DUPLICATE_METHOD_MATCH = YES;
				COPY_PHASE_STRIP = NO;
				DEBUG_INFORMATION_FORMAT = "dwarf-with-dsym";
				ENABLE_NS_ASSERTIONS = NO;
				ENABLE_STRICT_OBJC_MSGSEND = YES;
				GCC_C_LANGUAGE_STANDARD = gnu11;
				GCC_NO_COMMON_BLOCKS = YES;
				GCC_WARN_64_TO_32_BIT_CONVERSION = YES;
				GCC_WARN_ABOUT_RETURN_TYPE = YES_ERROR;
				GCC_WARN_UNDECLARED_SELECTOR = YES;
				GCC_WARN_UNINITIALIZED_AUTOS = YES_AGGRESSIVE;
				GCC_WARN_UNUSED_FUNCTION = YES;
				GCC_WARN_UNUSED_VARIABLE = YES;
				IPHONEOS_DEPLOYMENT_TARGET = 14.2;
				MTL_ENABLE_DEBUG_INFO = NO;
				MTL_FAST_MATH = YES;
				SDKROOT = iphoneos;
				SWIFT_COMPILATION_MODE = wholemodule;
				SWIFT_OPTIMIZATION_LEVEL = "-O";
				VALIDATE_PRODUCT = YES;
			};
			name = Release;
		};
		3C6CB18B2673D74000452686 /* Debug */ = {
			isa = XCBuildConfiguration;
			baseConfigurationReference = 696ED736CA3977164143C4C5 /* Pods-GitRepoSearch.debug.xcconfig */;
			buildSettings = {
				ASSETCATALOG_COMPILER_APPICON_NAME = AppIcon;
				ASSETCATALOG_COMPILER_GLOBAL_ACCENT_COLOR_NAME = AccentColor;
				CODE_SIGN_STYLE = Automatic;
				INFOPLIST_FILE = GitRepoSearch/Info.plist;
				LD_RUNPATH_SEARCH_PATHS = (
					"$(inherited)",
					"@executable_path/Frameworks",
				);
				PRODUCT_BUNDLE_IDENTIFIER = com.tabish.GitRepoSearch;
				PRODUCT_NAME = "$(TARGET_NAME)";
				SWIFT_VERSION = 5.0;
				TARGETED_DEVICE_FAMILY = "1,2";
			};
			name = Debug;
		};
		3C6CB18C2673D74000452686 /* Release */ = {
			isa = XCBuildConfiguration;
			baseConfigurationReference = 301E74A93A3A9A626F28A1D9 /* Pods-GitRepoSearch.release.xcconfig */;
			buildSettings = {
				ASSETCATALOG_COMPILER_APPICON_NAME = AppIcon;
				ASSETCATALOG_COMPILER_GLOBAL_ACCENT_COLOR_NAME = AccentColor;
				CODE_SIGN_STYLE = Automatic;
				INFOPLIST_FILE = GitRepoSearch/Info.plist;
				LD_RUNPATH_SEARCH_PATHS = (
					"$(inherited)",
					"@executable_path/Frameworks",
				);
				PRODUCT_BUNDLE_IDENTIFIER = com.tabish.GitRepoSearch;
				PRODUCT_NAME = "$(TARGET_NAME)";
				SWIFT_VERSION = 5.0;
				TARGETED_DEVICE_FAMILY = "1,2";
			};
			name = Release;
		};
		3C6CB18E2673D74000452686 /* Debug */ = {
			isa = XCBuildConfiguration;
			baseConfigurationReference = F2EA49F26457C1C7A9D9EC2F /* Pods-GitRepoSearchTests.debug.xcconfig */;
			buildSettings = {
				ALWAYS_EMBED_SWIFT_STANDARD_LIBRARIES = YES;
				BUNDLE_LOADER = "$(TEST_HOST)";
				CODE_SIGN_STYLE = Automatic;
				INFOPLIST_FILE = GitRepoSearchTests/Info.plist;
				IPHONEOS_DEPLOYMENT_TARGET = 14.2;
				LD_RUNPATH_SEARCH_PATHS = (
					"$(inherited)",
					"@executable_path/Frameworks",
					"@loader_path/Frameworks",
				);
				PRODUCT_BUNDLE_IDENTIFIER = com.tabish.GitRepoSearchTests;
				PRODUCT_NAME = "$(TARGET_NAME)";
				SWIFT_VERSION = 5.0;
				TARGETED_DEVICE_FAMILY = "1,2";
				TEST_HOST = "$(BUILT_PRODUCTS_DIR)/GitRepoSearch.app/GitRepoSearch";
			};
			name = Debug;
		};
		3C6CB18F2673D74000452686 /* Release */ = {
			isa = XCBuildConfiguration;
			baseConfigurationReference = 9DD5B5A243F1B240C0B953E7 /* Pods-GitRepoSearchTests.release.xcconfig */;
			buildSettings = {
				ALWAYS_EMBED_SWIFT_STANDARD_LIBRARIES = YES;
				BUNDLE_LOADER = "$(TEST_HOST)";
				CODE_SIGN_STYLE = Automatic;
				INFOPLIST_FILE = GitRepoSearchTests/Info.plist;
				IPHONEOS_DEPLOYMENT_TARGET = 14.2;
				LD_RUNPATH_SEARCH_PATHS = (
					"$(inherited)",
					"@executable_path/Frameworks",
					"@loader_path/Frameworks",
				);
				PRODUCT_BUNDLE_IDENTIFIER = com.tabish.GitRepoSearchTests;
				PRODUCT_NAME = "$(TARGET_NAME)";
				SWIFT_VERSION = 5.0;
				TARGETED_DEVICE_FAMILY = "1,2";
				TEST_HOST = "$(BUILT_PRODUCTS_DIR)/GitRepoSearch.app/GitRepoSearch";
			};
			name = Release;
		};
		3C6CB1912673D74000452686 /* Debug */ = {
			isa = XCBuildConfiguration;
			baseConfigurationReference = 7FBA621990511A0A665A452E /* Pods-GitRepoSearch-GitRepoSearchUITests.debug.xcconfig */;
			buildSettings = {
				ALWAYS_EMBED_SWIFT_STANDARD_LIBRARIES = YES;
				CODE_SIGN_STYLE = Automatic;
				INFOPLIST_FILE = GitRepoSearchUITests/Info.plist;
				LD_RUNPATH_SEARCH_PATHS = (
					"$(inherited)",
					"@executable_path/Frameworks",
					"@loader_path/Frameworks",
				);
				PRODUCT_BUNDLE_IDENTIFIER = com.tabish.GitRepoSearchUITests;
				PRODUCT_NAME = "$(TARGET_NAME)";
				SWIFT_VERSION = 5.0;
				TARGETED_DEVICE_FAMILY = "1,2";
				TEST_TARGET_NAME = GitRepoSearch;
			};
			name = Debug;
		};
		3C6CB1922673D74000452686 /* Release */ = {
			isa = XCBuildConfiguration;
			baseConfigurationReference = 3BF4603AB886E8EE82D0E5FF /* Pods-GitRepoSearch-GitRepoSearchUITests.release.xcconfig */;
			buildSettings = {
				ALWAYS_EMBED_SWIFT_STANDARD_LIBRARIES = YES;
				CODE_SIGN_STYLE = Automatic;
				INFOPLIST_FILE = GitRepoSearchUITests/Info.plist;
				LD_RUNPATH_SEARCH_PATHS = (
					"$(inherited)",
					"@executable_path/Frameworks",
					"@loader_path/Frameworks",
				);
				PRODUCT_BUNDLE_IDENTIFIER = com.tabish.GitRepoSearchUITests;
				PRODUCT_NAME = "$(TARGET_NAME)";
				SWIFT_VERSION = 5.0;
				TARGETED_DEVICE_FAMILY = "1,2";
				TEST_TARGET_NAME = GitRepoSearch;
			};
			name = Release;
		};
/* End XCBuildConfiguration section */

/* Begin XCConfigurationList section */
		3C6CB15B2673D73A00452686 /* Build configuration list for PBXProject "GitRepoSearch" */ = {
			isa = XCConfigurationList;
			buildConfigurations = (
				3C6CB1882673D74000452686 /* Debug */,
				3C6CB1892673D74000452686 /* Release */,
			);
			defaultConfigurationIsVisible = 0;
			defaultConfigurationName = Release;
		};
		3C6CB18A2673D74000452686 /* Build configuration list for PBXNativeTarget "GitRepoSearch" */ = {
			isa = XCConfigurationList;
			buildConfigurations = (
				3C6CB18B2673D74000452686 /* Debug */,
				3C6CB18C2673D74000452686 /* Release */,
			);
			defaultConfigurationIsVisible = 0;
			defaultConfigurationName = Release;
		};
		3C6CB18D2673D74000452686 /* Build configuration list for PBXNativeTarget "GitRepoSearchTests" */ = {
			isa = XCConfigurationList;
			buildConfigurations = (
				3C6CB18E2673D74000452686 /* Debug */,
				3C6CB18F2673D74000452686 /* Release */,
			);
			defaultConfigurationIsVisible = 0;
			defaultConfigurationName = Release;
		};
		3C6CB1902673D74000452686 /* Build configuration list for PBXNativeTarget "GitRepoSearchUITests" */ = {
			isa = XCConfigurationList;
			buildConfigurations = (
				3C6CB1912673D74000452686 /* Debug */,
				3C6CB1922673D74000452686 /* Release */,
			);
			defaultConfigurationIsVisible = 0;
			defaultConfigurationName = Release;
		};
/* End XCConfigurationList section */
	};
	rootObject = 3C6CB1582673D73A00452686 /* Project object */;
}
